
Microsoft Visual Studio Solution File, Format Version 12.00
# Visual Studio 2013
VisualStudioVersion = 12.0.21005.1
MinimumVisualStudioVersion = 10.0.40219.1
Project("{FAE04EC0-301F-11D3-BF4B-00C04F79EFBC}") = "LoginServer", "LoginServer\LoginServer.csproj", "{F2C4C30C-465E-4851-A8E2-BB31425F39A6}"
EndProject
Project("{FAE04EC0-301F-11D3-BF4B-00C04F79EFBC}") = "Core", "Core\Core.csproj", "{42CE784F-E015-4F12-88C1-FBE166BF5077}"
EndProject
Project("{FAE04EC0-301F-11D3-BF4B-00C04F79EFBC}") = "Database", "Database\Database.csproj", "{168A4290-BAA5-4AD2-A789-AF9101C647C3}"
EndProject
Project("{FAE04EC0-301F-11D3-BF4B-00C04F79EFBC}") = "GameServer", "GameServer\GameServer.csproj", "{0A56095C-1EC2-4433-BE02-16E89020298E}"
EndProject
Global
	GlobalSection(SolutionConfigurationPlatforms) = preSolution
		Debug|Any CPU = Debug|Any CPU
		Release|Any CPU = Release|Any CPU
	EndGlobalSection
	GlobalSection(ProjectConfigurationPlatforms) = postSolution
		{F2C4C30C-465E-4851-A8E2-BB31425F39A6}.Debug|Any CPU.ActiveCfg = Debug|Any CPU
		{F2C4C30C-465E-4851-A8E2-BB31425F39A6}.Debug|Any CPU.Build.0 = Debug|Any CPU
		{F2C4C30C-465E-4851-A8E2-BB31425F39A6}.Release|Any CPU.ActiveCfg = Release|Any CPU
		{F2C4C30C-465E-4851-A8E2-BB31425F39A6}.Release|Any CPU.Build.0 = Release|Any CPU
		{42CE784F-E015-4F12-88C1-FBE166BF5077}.Debug|Any CPU.ActiveCfg = Debug|Any CPU
		{42CE784F-E015-4F12-88C1-FBE166BF5077}.Debug|Any CPU.Build.0 = Debug|Any CPU
		{42CE784F-E015-4F12-88C1-FBE166BF5077}.Release|Any CPU.ActiveCfg = Release|Any CPU
		{42CE784F-E015-4F12-88C1-FBE166BF5077}.Release|Any CPU.Build.0 = Release|Any CPU
		{168A4290-BAA5-4AD2-A789-AF9101C647C3}.Debug|Any CPU.ActiveCfg = Debug|Any CPU
		{168A4290-BAA5-4AD2-A789-AF9101C647C3}.Debug|Any CPU.Build.0 = Debug|Any CPU
		{168A4290-BAA5-4AD2-A789-AF9101C647C3}.Release|Any CPU.ActiveCfg = Release|Any CPU
		{168A4290-BAA5-4AD2-A789-AF9101C647C3}.Release|Any CPU.Build.0 = Release|Any CPU
		{0A56095C-1EC2-4433-BE02-16E89020298E}.Debug|Any CPU.ActiveCfg = Debug|Any CPU
		{0A56095C-1EC2-4433-BE02-16E89020298E}.Debug|Any CPU.Build.0 = Debug|Any CPU
		{0A56095C-1EC2-4433-BE02-16E89020298E}.Release|Any CPU.ActiveCfg = Release|Any CPU
		{0A56095C-1EC2-4433-BE02-16E89020298E}.Release|Any CPU.Build.0 = Release|Any CPU
	EndGlobalSection
	GlobalSection(SolutionProperties) = preSolution
		HideSolutionNode = FALSE
	EndGlobalSection
EndGlobal
